xœímOÛ:Ç¿K^wÅvb'áÝÆWH»ºî£&Zæ®Mª$ÝÆßýÚihÓ’”u’Â_H¥ÍIŽ>öñø¯ÞXiðMþ!“4Œ#ëØ=ërNFË+¶Ç™ë÷¬QÖñ¿7Ö,Hd”YÇ7Öp¤é‡`*­cëèWõûè4fqr¿§Ý—“â]]ÆóHùQ~Nâh˜ÈLd¶°_¬ŒwÆï‡Óßj½8±zŠ(ïÃ«qö]ê×eùÏòA9åÌ÷}©¢²$ˆÒ/q2ÕõOâ,B……ôôý\Ü1¹»þÆe„ô˜“ÿzã¢îH‡ÁDÚ#e¥=õóù¶gçiOÃŸùc¿ä‘¾±ßƒl8þE¦Cýi"¿ÉIQËõ:oý›ÁX5×èè¤\ÀÑÂ³LVE,kÝ¯¸¦¢¬ 2™„Áäa"}÷y©Û£Ýn|w¼ó<	§Ar}Oâ$oë˜ô¬«üõ2U±£Ú¥ÆªEw¹õ<£ì4ŒÂt¼s½~_¶ýõ-˜Ì•™Ü*ó,‰g2ÉB™æÉ-œêÉþ³ñïrÎ¤r[<ôÔ†}(§åÔvúífÝÞ·y¿«RTº«º¨¯0÷…K¨-µŸ‘ûÂAî#÷‘û–ûŒ2›úãOÊý<é‘ûÈ}äþæ>çžm«ÌÏH},ù‘úHýƒK}êØ¾'wÜ§ä>È}ä>rÿ@sŸßq|.žô§¾"÷±äGî¿ÊÜ/®Ôkp%U)™Š¶L~ûÊŠ¼¯°ôk-›ù~®ÿ#‘f
êâ½ŽãñêBþy›'µ™Ws2åÔÖ™I9ú´Ênú”?í©¡Bçº§sú~ß÷˜'Ûõ=õFÇSa…Ùµö÷è:èhæ—éµ2L­õ¶y‚»CÒÿ8ÏfóŒY‹vß»û³è›zDuóX?«ÆS%Íâï29‹¾Ä¦
(nXÖÈ\ÈTƒSÞíMÂó~úk1Ð¼—W©uû¹v ¾×V*‹¯gÚôñò?9ÌÊ#s#]Eäî|ÙS›¥*eHçS8•ƒ0ÊA$™ò2;OâÑ|¨¦àé$J|Tô9gÂgµm›×+{¬HúfkZ5ê¬¦U|Ç“RË÷ŸÜ[¸-ŸdÉ|½>w[ôÔªGó[×:li¸%R¦‡ƒIœ‘þæ…b™PŽÇýuÎ^˜ÞÒåª'½[ßT-êMUëš¥Ì`˜„³¬\øjlQ®"U	¤“x:‹#½2±YN½=+ž«Åæ¹‰õNÍø¸ªc‡†È|íùp3-1Ü<•£Xã-õ6¹Õ4¹Ö¹8*ó²¡Þ&Ip]1ôœEYy”)öŸ»Æw9=Žï¬46ÖŽõ°ŠUJãýkY¸šý‡_wè\ëžv¶òv¦7-OË2‹ûCõkQß‡¶åÕ•ø0ŸjO%øRè»îü=`˜À&0	L`˜À&0	L`˜À&0	L`˜À&0›ÄÔ'—Òœhžè³ÀŸ6XòÔ[åãX{8#²8ílìgýøØÛÉ$þ.G:ú˜™>';0¯LZDvk3À3Ì0Ã|æÝ)6}V·etí¤b;G–isqxG–[é­¶ÒãÂ Å;†°.j£·Ã±J™}üò%•ÙÃ‹ÛmçjµŸ³h$¬Ü¼»ÎÖô¥2š[ëƒ
ìÊDËKïÌ?+7º²¶KzN±¬bíÇû†ô	ñ‰+¸ïØ.'®íÓ½‘8Ï'©Ù	–z•€^¬b×!¶oíE±+D…b—z‚ØœrÁH²«cbP²›»oD²›—dR²›Ð€d·™!Én©½MˆjWðÆ¼€d·¦«´,ÙÝÌgKví>ã®ðWóíŒd·vÔd’ÝÎl¬Ö¦^#;ŠbÁÓÅýoÝÙAeÝ ÒBK½HÉîÆtÔXX;ÖÃš‘ìnï_ì˜À&0	L`˜À&0	L`˜À&0	L`˜À&0i’]Hva†f˜_™¹“’Ý²(£k'Û9²lHúr,·Ò[l¥.Iv+„BmôÖÃ”ìjé(¥®p¨Ã„`Ì.÷Ú‘ñ(¾°™O]âî¸-*{]N9g¶""6l(—öÞGyÝÚ^ÛåÜÚ¶÷þ·ñúÌó_JIIÛ«cbPÛ›»oDÛ›—dRÛ›Ð€¶·™!mo©½M¨oWðÆ¼€¶·¦«´¬íÝÌgk{ißQÃw|®ü»„wEÚ[;è@Úiog6`k3¯‘G±Þéâ>¹n„ìŽð²ni¡¥^¤´wc6j,¬ëaÍH{·÷/H{	L`˜À&0	L`˜À&0	L`˜À&0	L`˜À4	i/¤½0Ã3Ì¯ÌÜIioY“Ñµ“ŠíY6$}¹G–[é­¶R—¤½:¡6zëáJ{	g‚9ÂåŽÃ÷kOÚkåñÚ^Jýõ­Äó¹­ÀÈþÏ÷V°¼ru¯ãìé›{ùýoîõ™k—2Ï'âÔ½*&&Õ½Ú}3ê^]’Qu¯. 	uï"d¦Ô½«ö6¢¿]Âó~êÞê®Ò¶ºw#Cž«îÕ£gÌw|F=·;ÚÞº!Ú^h{»³+Ï»f¶‹ÕN'7Ê5ãc‡”—5ƒH-õ2µ½ësQcaíXkHÛ»µAÛL`˜À&0	L`˜À&0	L`˜À&0	L`˜À¦	Lh{¡í…f˜a~eænj{KŠŒ®TlçÈ²)Õè‹=²ÜJom°•:¥í½¯j£·¦¶—´£ãÝ_±OÐì
×¾ÇêùD´©Ù½Ï²£fWëà´vFéÝ§>Z&Ãy˜—Æáh$£ÕT\ž†Ñ_ªp—¢>?ô.òaô·jFG8…)ÿ¤o¼ý|w=û